{
  "name": "Problema4",
  "lockfileVersion": 2,
  "requires": true,
  "packages": {
    "": {
      "dependencies": {
        "@types/node": "^18.7.13",
        "fs": "^0.0.1-security",
        "md5-typescript": "^1.0.5"
      }
    },
    "node_modules/@types/node": {
      "version": "18.7.13",
      "resolved": "https://registry.npmjs.org/@types/node/-/node-18.7.13.tgz",
      "integrity": "sha512-46yIhxSe5xEaJZXWdIBP7GU4HDTG8/eo0qd9atdiL+lFpA03y8KS+lkTN834TWJj5767GbWv4n/P6efyTFt1Dw=="
    },
    "node_modules/fs": {
      "version": "0.0.1-security",
      "resolved": "https://registry.npmjs.org/fs/-/fs-0.0.1-security.tgz",
      "integrity": "sha512-3XY9e1pP0CVEUCdj5BmfIZxRBTSDycnbqhIOGec9QYtmVH2fbLpj86CFWkrNOkt/Fvty4KZG5lTglL9j/gJ87w=="
    },
    "node_modules/md5-typescript": {
      "version": "1.0.5",
      "resolved": "https://registry.npmjs.org/md5-typescript/-/md5-typescript-1.0.5.tgz",
      "integrity": "sha512-ovAc4EtiNt2dY8JPhPr/wkC9h4U5k/nuClNVcG0Ga3V1rMlYpAY24ZaaymFXJlz+ccJ6UMPo3FSaVKe7czBsXw=="
    }
  },
  "dependencies": {
    "@types/node": {
      "version": "18.7.13",
      "resolved": "https://registry.npmjs.org/@types/node/-/node-18.7.13.tgz",
      "integrity": "sha512-46yIhxSe5xEaJZXWdIBP7GU4HDTG8/eo0qd9atdiL+lFpA03y8KS+lkTN834TWJj5767GbWv4n/P6efyTFt1Dw=="
    },
    "fs": {
      "version": "0.0.1-security",
      "resolved": "https://registry.npmjs.org/fs/-/fs-0.0.1-security.tgz",
      "integrity": "sha512-3XY9e1pP0CVEUCdj5BmfIZxRBTSDycnbqhIOGec9QYtmVH2fbLpj86CFWkrNOkt/Fvty4KZG5lTglL9j/gJ87w=="
    },
    "md5-typescript": {
      "version": "1.0.5",
      "resolved": "https://registry.npmjs.org/md5-typescript/-/md5-typescript-1.0.5.tgz",
      "integrity": "sha512-ovAc4EtiNt2dY8JPhPr/wkC9h4U5k/nuClNVcG0Ga3V1rMlYpAY24ZaaymFXJlz+ccJ6UMPo3FSaVKe7czBsXw=="
    }
  }
}
